
Microsoft Visual Studio Solution File, Format Version 12.00
# Visual Studio Version 16
VisualStudioVersion = 16.0.29123.88
MinimumVisualStudioVersion = 10.0.40219.1
Project("{9A19103F-16F7-4668-BE54-9A1E7A4F7556}") = "PTB.Parser", "PTB.Parser\PTB.Parser.csproj", "{1DB5D619-74BE-4713-8437-78B64CF2BC2D}"
EndProject
Project("{9A19103F-16F7-4668-BE54-9A1E7A4F7556}") = "PTB.Console", "PTB.Console\PTB.Console.csproj", "{2E9C153B-75BC-4291-901D-ED882162F2F4}"
EndProject
Project("{FAE04EC0-301F-11D3-BF4B-00C04F79EFBC}") = "PTB.Parser.Tests", "PTB.Parser.Tests\PTB.Parser.Tests.csproj", "{7A558B13-C09D-496A-9F14-8542E752A98C}"
EndProject
Global
	GlobalSection(SolutionConfigurationPlatforms) = preSolution
		Debug|Any CPU = Debug|Any CPU
		Release|Any CPU = Release|Any CPU
	EndGlobalSection
	GlobalSection(ProjectConfigurationPlatforms) = postSolution
		{1DB5D619-74BE-4713-8437-78B64CF2BC2D}.Debug|Any CPU.ActiveCfg = Debug|Any CPU
		{1DB5D619-74BE-4713-8437-78B64CF2BC2D}.Debug|Any CPU.Build.0 = Debug|Any CPU
		{1DB5D619-74BE-4713-8437-78B64CF2BC2D}.Release|Any CPU.ActiveCfg = Release|Any CPU
		{1DB5D619-74BE-4713-8437-78B64CF2BC2D}.Release|Any CPU.Build.0 = Release|Any CPU
		{2E9C153B-75BC-4291-901D-ED882162F2F4}.Debug|Any CPU.ActiveCfg = Debug|Any CPU
		{2E9C153B-75BC-4291-901D-ED882162F2F4}.Debug|Any CPU.Build.0 = Debug|Any CPU
		{2E9C153B-75BC-4291-901D-ED882162F2F4}.Release|Any CPU.ActiveCfg = Release|Any CPU
		{2E9C153B-75BC-4291-901D-ED882162F2F4}.Release|Any CPU.Build.0 = Release|Any CPU
		{7A558B13-C09D-496A-9F14-8542E752A98C}.Debug|Any CPU.ActiveCfg = Debug|Any CPU
		{7A558B13-C09D-496A-9F14-8542E752A98C}.Debug|Any CPU.Build.0 = Debug|Any CPU
		{7A558B13-C09D-496A-9F14-8542E752A98C}.Release|Any CPU.ActiveCfg = Release|Any CPU
		{7A558B13-C09D-496A-9F14-8542E752A98C}.Release|Any CPU.Build.0 = Release|Any CPU
	EndGlobalSection
	GlobalSection(SolutionProperties) = preSolution
		HideSolutionNode = FALSE
	EndGlobalSection
	GlobalSection(ExtensibilityGlobals) = postSolution
		SolutionGuid = {C6983C46-38C0-44EF-8BEB-55E8FF852CA6}
	EndGlobalSection
EndGlobal
