
Microsoft Visual Studio Solution File, Format Version 12.00
# Visual Studio Version 16
VisualStudioVersion = 16.0.29123.88
MinimumVisualStudioVersion = 10.0.40219.1
Project("{9A19103F-16F7-4668-BE54-9A1E7A4F7556}") = "PTB.Console", "PTB.Console\PTB.Console.csproj", "{2E9C153B-75BC-4291-901D-ED882162F2F4}"
EndProject
Project("{9A19103F-16F7-4668-BE54-9A1E7A4F7556}") = "PTB.Core", "PTB.Core\PTB.Core.csproj", "{3EEB51F4-E718-43EF-92CD-1ECF0F5F2F3E}"
EndProject
Project("{9A19103F-16F7-4668-BE54-9A1E7A4F7556}") = "PTB.Core.Tests", "PTB.Core.Tests\PTB.Core.Tests.csproj", "{2B8299A3-1476-480F-8C75-119A24A34B86}"
	ProjectSection(ProjectDependencies) = postProject
		{3A5BF236-B5E2-4856-87D4-F0EB3EC72B02} = {3A5BF236-B5E2-4856-87D4-F0EB3EC72B02}
	EndProjectSection
EndProject
Project("{9A19103F-16F7-4668-BE54-9A1E7A4F7556}") = "PTB.E2E", "PTB.Core.E2E\PTB.E2E.csproj", "{AEC769E5-6CA6-432B-9CEF-98A3038FB6D5}"
	ProjectSection(ProjectDependencies) = postProject
		{3A5BF236-B5E2-4856-87D4-F0EB3EC72B02} = {3A5BF236-B5E2-4856-87D4-F0EB3EC72B02}
	EndProjectSection
EndProject
Project("{9A19103F-16F7-4668-BE54-9A1E7A4F7556}") = "PTB.Web", "PTB.Web\PTB.Web.csproj", "{84C3692C-1235-40DC-A623-DF6A4415BAB6}"
EndProject
Project("{9A19103F-16F7-4668-BE54-9A1E7A4F7556}") = "PTB.Tests.Shared", "PTB.Tests.Shared\PTB.Tests.Shared.csproj", "{3A5BF236-B5E2-4856-87D4-F0EB3EC72B02}"
EndProject
Project("{FAE04EC0-301F-11D3-BF4B-00C04F79EFBC}") = "PTB.Files", "PTB.Files\PTB.Files.csproj", "{CBB60DDE-EADB-484F-9656-C9E3C1F2F667}"
EndProject
Project("{FAE04EC0-301F-11D3-BF4B-00C04F79EFBC}") = "PTB.Reports", "PTB.Reports\PTB.Reports.csproj", "{B56AD56B-5430-4E35-B796-DD41556464F2}"
EndProject
Project("{FAE04EC0-301F-11D3-BF4B-00C04F79EFBC}") = "PTB.Files.Tests", "PTB.Files.Tests\PTB.Files.Tests.csproj", "{7548DB3D-1EBC-42A1-93A1-E384884C3736}"
EndProject
Project("{FAE04EC0-301F-11D3-BF4B-00C04F79EFBC}") = "PTB.Reports.Tests", "PTB.Reports.Tests\PTB.Reports.Tests.csproj", "{37A63CB8-F578-4FD8-91A4-B4F2F6DD53E7}"
EndProject
Global
	GlobalSection(SolutionConfigurationPlatforms) = preSolution
		Debug|Any CPU = Debug|Any CPU
		Release|Any CPU = Release|Any CPU
	EndGlobalSection
	GlobalSection(ProjectConfigurationPlatforms) = postSolution
		{2E9C153B-75BC-4291-901D-ED882162F2F4}.Debug|Any CPU.ActiveCfg = Debug|Any CPU
		{2E9C153B-75BC-4291-901D-ED882162F2F4}.Debug|Any CPU.Build.0 = Debug|Any CPU
		{2E9C153B-75BC-4291-901D-ED882162F2F4}.Release|Any CPU.ActiveCfg = Release|Any CPU
		{2E9C153B-75BC-4291-901D-ED882162F2F4}.Release|Any CPU.Build.0 = Release|Any CPU
		{3EEB51F4-E718-43EF-92CD-1ECF0F5F2F3E}.Debug|Any CPU.ActiveCfg = Debug|Any CPU
		{3EEB51F4-E718-43EF-92CD-1ECF0F5F2F3E}.Debug|Any CPU.Build.0 = Debug|Any CPU
		{3EEB51F4-E718-43EF-92CD-1ECF0F5F2F3E}.Release|Any CPU.ActiveCfg = Release|Any CPU
		{3EEB51F4-E718-43EF-92CD-1ECF0F5F2F3E}.Release|Any CPU.Build.0 = Release|Any CPU
		{2B8299A3-1476-480F-8C75-119A24A34B86}.Debug|Any CPU.ActiveCfg = Debug|Any CPU
		{2B8299A3-1476-480F-8C75-119A24A34B86}.Debug|Any CPU.Build.0 = Debug|Any CPU
		{2B8299A3-1476-480F-8C75-119A24A34B86}.Release|Any CPU.ActiveCfg = Release|Any CPU
		{2B8299A3-1476-480F-8C75-119A24A34B86}.Release|Any CPU.Build.0 = Release|Any CPU
		{AEC769E5-6CA6-432B-9CEF-98A3038FB6D5}.Debug|Any CPU.ActiveCfg = Debug|Any CPU
		{AEC769E5-6CA6-432B-9CEF-98A3038FB6D5}.Debug|Any CPU.Build.0 = Debug|Any CPU
		{AEC769E5-6CA6-432B-9CEF-98A3038FB6D5}.Release|Any CPU.ActiveCfg = Release|Any CPU
		{AEC769E5-6CA6-432B-9CEF-98A3038FB6D5}.Release|Any CPU.Build.0 = Release|Any CPU
		{84C3692C-1235-40DC-A623-DF6A4415BAB6}.Debug|Any CPU.ActiveCfg = Debug|Any CPU
		{84C3692C-1235-40DC-A623-DF6A4415BAB6}.Debug|Any CPU.Build.0 = Debug|Any CPU
		{84C3692C-1235-40DC-A623-DF6A4415BAB6}.Release|Any CPU.ActiveCfg = Release|Any CPU
		{84C3692C-1235-40DC-A623-DF6A4415BAB6}.Release|Any CPU.Build.0 = Release|Any CPU
		{3A5BF236-B5E2-4856-87D4-F0EB3EC72B02}.Debug|Any CPU.ActiveCfg = Debug|Any CPU
		{3A5BF236-B5E2-4856-87D4-F0EB3EC72B02}.Debug|Any CPU.Build.0 = Debug|Any CPU
		{3A5BF236-B5E2-4856-87D4-F0EB3EC72B02}.Release|Any CPU.ActiveCfg = Release|Any CPU
		{3A5BF236-B5E2-4856-87D4-F0EB3EC72B02}.Release|Any CPU.Build.0 = Release|Any CPU
		{CBB60DDE-EADB-484F-9656-C9E3C1F2F667}.Debug|Any CPU.ActiveCfg = Debug|Any CPU
		{CBB60DDE-EADB-484F-9656-C9E3C1F2F667}.Debug|Any CPU.Build.0 = Debug|Any CPU
		{CBB60DDE-EADB-484F-9656-C9E3C1F2F667}.Release|Any CPU.ActiveCfg = Release|Any CPU
		{CBB60DDE-EADB-484F-9656-C9E3C1F2F667}.Release|Any CPU.Build.0 = Release|Any CPU
		{B56AD56B-5430-4E35-B796-DD41556464F2}.Debug|Any CPU.ActiveCfg = Debug|Any CPU
		{B56AD56B-5430-4E35-B796-DD41556464F2}.Debug|Any CPU.Build.0 = Debug|Any CPU
		{B56AD56B-5430-4E35-B796-DD41556464F2}.Release|Any CPU.ActiveCfg = Release|Any CPU
		{B56AD56B-5430-4E35-B796-DD41556464F2}.Release|Any CPU.Build.0 = Release|Any CPU
		{7548DB3D-1EBC-42A1-93A1-E384884C3736}.Debug|Any CPU.ActiveCfg = Debug|Any CPU
		{7548DB3D-1EBC-42A1-93A1-E384884C3736}.Debug|Any CPU.Build.0 = Debug|Any CPU
		{7548DB3D-1EBC-42A1-93A1-E384884C3736}.Release|Any CPU.ActiveCfg = Release|Any CPU
		{7548DB3D-1EBC-42A1-93A1-E384884C3736}.Release|Any CPU.Build.0 = Release|Any CPU
		{37A63CB8-F578-4FD8-91A4-B4F2F6DD53E7}.Debug|Any CPU.ActiveCfg = Debug|Any CPU
		{37A63CB8-F578-4FD8-91A4-B4F2F6DD53E7}.Debug|Any CPU.Build.0 = Debug|Any CPU
		{37A63CB8-F578-4FD8-91A4-B4F2F6DD53E7}.Release|Any CPU.ActiveCfg = Release|Any CPU
		{37A63CB8-F578-4FD8-91A4-B4F2F6DD53E7}.Release|Any CPU.Build.0 = Release|Any CPU
	EndGlobalSection
	GlobalSection(SolutionProperties) = preSolution
		HideSolutionNode = FALSE
	EndGlobalSection
	GlobalSection(ExtensibilityGlobals) = postSolution
		SolutionGuid = {C6983C46-38C0-44EF-8BEB-55E8FF852CA6}
	EndGlobalSection
EndGlobal
